
Microsoft Visual Studio Solution File, Format Version 12.00
# Visual Studio Version 17
VisualStudioVersion = 17.11.35327.3
MinimumVisualStudioVersion = 10.0.40219.1
Project("{FAE04EC0-301F-11D3-BF4B-00C04F79EFBC}") = "programa_de_la_pila", "programa_de_la_pila\programa_de_la_pila.csproj", "{4949FFD5-68FB-4864-9449-0EA06386F347}"
EndProject
Global
	GlobalSection(SolutionConfigurationPlatforms) = preSolution
		Debug|Any CPU = Debug|Any CPU
		Release|Any CPU = Release|Any CPU
	EndGlobalSection
	GlobalSection(ProjectConfigurationPlatforms) = postSolution
		{4949FFD5-68FB-4864-9449-0EA06386F347}.Debug|Any CPU.ActiveCfg = Debug|Any CPU
		{4949FFD5-68FB-4864-9449-0EA06386F347}.Debug|Any CPU.Build.0 = Debug|Any CPU
		{4949FFD5-68FB-4864-9449-0EA06386F347}.Release|Any CPU.ActiveCfg = Release|Any CPU
		{4949FFD5-68FB-4864-9449-0EA06386F347}.Release|Any CPU.Build.0 = Release|Any CPU
	EndGlobalSection
	GlobalSection(SolutionProperties) = preSolution
		HideSolutionNode = FALSE
	EndGlobalSection
	GlobalSection(ExtensibilityGlobals) = postSolution
		SolutionGuid = {B3CA45E6-681C-4AA7-BA9B-C3A9D4FB8685}
	EndGlobalSection
EndGlobal
